
Microsoft Visual Studio Solution File, Format Version 12.00
# Visual Studio Version 16
VisualStudioVersion = 16.0.30804.86
MinimumVisualStudioVersion = 10.0.40219.1
Project("{FAE04EC0-301F-11D3-BF4B-00C04F79EFBC}") = "AspNetIdentity", "AspNetIdentity.csproj", "{A940A821-97E6-4ADC-A450-C82AA275C76E}"
EndProject
Global
	GlobalSection(SolutionConfigurationPlatforms) = preSolution
		Debug|Any CPU = Debug|Any CPU
		Release|Any CPU = Release|Any CPU
	EndGlobalSection
	GlobalSection(ProjectConfigurationPlatforms) = postSolution
		{A940A821-97E6-4ADC-A450-C82AA275C76E}.Debug|Any CPU.ActiveCfg = Debug|Any CPU
		{A940A821-97E6-4ADC-A450-C82AA275C76E}.Debug|Any CPU.Build.0 = Debug|Any CPU
		{A940A821-97E6-4ADC-A450-C82AA275C76E}.Release|Any CPU.ActiveCfg = Release|Any CPU
		{A940A821-97E6-4ADC-A450-C82AA275C76E}.Release|Any CPU.Build.0 = Release|Any CPU
	EndGlobalSection
	GlobalSection(SolutionProperties) = preSolution
		HideSolutionNode = FALSE
	EndGlobalSection
	GlobalSection(ExtensibilityGlobals) = postSolution
		SolutionGuid = {F9C23980-FC1D-45BC-ABDF-3A1A53231896}
	EndGlobalSection
EndGlobal
